
Microsoft Visual Studio Solution File, Format Version 12.00
# Visual Studio Version 17
VisualStudioVersion = 17.0.31903.59
MinimumVisualStudioVersion = 10.0.40219.1
Project("{2150E333-8FDC-42A3-9474-1A3956D46DE8}") = "shared", "shared", "{4F52FD11-658E-A102-6CD3-7D7C16FFA15B}"
EndProject
Project("{FAE04EC0-301F-11D3-BF4B-00C04F79EFBC}") = "NexusBroker.SharedKernel", "shared\NexusBroker.SharedKernel\NexusBroker.SharedKernel.csproj", "{78DCDB05-F491-450B-8520-411A4174E614}"
EndProject
Project("{FAE04EC0-301F-11D3-BF4B-00C04F79EFBC}") = "NexusBroker.SharedKernel.Tests", "tests\unit\NexusBroker.SharedKernel.Tests\NexusBroker.SharedKernel.Tests.csproj", "{7C2B5738-27B7-479B-8C4C-56725C8E38AC}"
EndProject
Project("{2150E333-8FDC-42A3-9474-1A3956D46DE8}") = "tests", "tests", "{0AB3BF05-4346-4AA6-1389-037BE0695223}"
EndProject
Project("{2150E333-8FDC-42A3-9474-1A3956D46DE8}") = "architecture", "architecture", "{875CD587-DE2F-08EE-74FB-D6BE4E474EF3}"
EndProject
Project("{FAE04EC0-301F-11D3-BF4B-00C04F79EFBC}") = "NexusBroker.Architecture.Tests", "tests\architecture\NexusBroker.Architecture.Tests\NexusBroker.Architecture.Tests.csproj", "{D3CB29FE-E630-4A30-9CE8-D6BDF0BCE90E}"
EndProject
Global
	GlobalSection(SolutionConfigurationPlatforms) = preSolution
		Debug|Any CPU = Debug|Any CPU
		Debug|x64 = Debug|x64
		Debug|x86 = Debug|x86
		Release|Any CPU = Release|Any CPU
		Release|x64 = Release|x64
		Release|x86 = Release|x86
	EndGlobalSection
	GlobalSection(ProjectConfigurationPlatforms) = postSolution
		{78DCDB05-F491-450B-8520-411A4174E614}.Debug|Any CPU.ActiveCfg = Debug|Any CPU
		{78DCDB05-F491-450B-8520-411A4174E614}.Debug|Any CPU.Build.0 = Debug|Any CPU
		{78DCDB05-F491-450B-8520-411A4174E614}.Debug|x64.ActiveCfg = Debug|Any CPU
		{78DCDB05-F491-450B-8520-411A4174E614}.Debug|x64.Build.0 = Debug|Any CPU
		{78DCDB05-F491-450B-8520-411A4174E614}.Debug|x86.ActiveCfg = Debug|Any CPU
		{78DCDB05-F491-450B-8520-411A4174E614}.Debug|x86.Build.0 = Debug|Any CPU
		{78DCDB05-F491-450B-8520-411A4174E614}.Release|Any CPU.ActiveCfg = Release|Any CPU
		{78DCDB05-F491-450B-8520-411A4174E614}.Release|Any CPU.Build.0 = Release|Any CPU
		{78DCDB05-F491-450B-8520-411A4174E614}.Release|x64.ActiveCfg = Release|Any CPU
		{78DCDB05-F491-450B-8520-411A4174E614}.Release|x64.Build.0 = Release|Any CPU
		{78DCDB05-F491-450B-8520-411A4174E614}.Release|x86.ActiveCfg = Release|Any CPU
		{78DCDB05-F491-450B-8520-411A4174E614}.Release|x86.Build.0 = Release|Any CPU
		{7C2B5738-27B7-479B-8C4C-56725C8E38AC}.Debug|Any CPU.ActiveCfg = Debug|Any CPU
		{7C2B5738-27B7-479B-8C4C-56725C8E38AC}.Debug|Any CPU.Build.0 = Debug|Any CPU
		{7C2B5738-27B7-479B-8C4C-56725C8E38AC}.Debug|x64.ActiveCfg = Debug|Any CPU
		{7C2B5738-27B7-479B-8C4C-56725C8E38AC}.Debug|x64.Build.0 = Debug|Any CPU
		{7C2B5738-27B7-479B-8C4C-56725C8E38AC}.Debug|x86.ActiveCfg = Debug|Any CPU
		{7C2B5738-27B7-479B-8C4C-56725C8E38AC}.Debug|x86.Build.0 = Debug|Any CPU
		{7C2B5738-27B7-479B-8C4C-56725C8E38AC}.Release|Any CPU.ActiveCfg = Release|Any CPU
		{7C2B5738-27B7-479B-8C4C-56725C8E38AC}.Release|Any CPU.Build.0 = Release|Any CPU
		{7C2B5738-27B7-479B-8C4C-56725C8E38AC}.Release|x64.ActiveCfg = Release|Any CPU
		{7C2B5738-27B7-479B-8C4C-56725C8E38AC}.Release|x64.Build.0 = Release|Any CPU
		{7C2B5738-27B7-479B-8C4C-56725C8E38AC}.Release|x86.ActiveCfg = Release|Any CPU
		{7C2B5738-27B7-479B-8C4C-56725C8E38AC}.Release|x86.Build.0 = Release|Any CPU
		{D3CB29FE-E630-4A30-9CE8-D6BDF0BCE90E}.Debug|Any CPU.ActiveCfg = Debug|Any CPU
		{D3CB29FE-E630-4A30-9CE8-D6BDF0BCE90E}.Debug|Any CPU.Build.0 = Debug|Any CPU
		{D3CB29FE-E630-4A30-9CE8-D6BDF0BCE90E}.Debug|x64.ActiveCfg = Debug|Any CPU
		{D3CB29FE-E630-4A30-9CE8-D6BDF0BCE90E}.Debug|x64.Build.0 = Debug|Any CPU
		{D3CB29FE-E630-4A30-9CE8-D6BDF0BCE90E}.Debug|x86.ActiveCfg = Debug|Any CPU
		{D3CB29FE-E630-4A30-9CE8-D6BDF0BCE90E}.Debug|x86.Build.0 = Debug|Any CPU
		{D3CB29FE-E630-4A30-9CE8-D6BDF0BCE90E}.Release|Any CPU.ActiveCfg = Release|Any CPU
		{D3CB29FE-E630-4A30-9CE8-D6BDF0BCE90E}.Release|Any CPU.Build.0 = Release|Any CPU
		{D3CB29FE-E630-4A30-9CE8-D6BDF0BCE90E}.Release|x64.ActiveCfg = Release|Any CPU
		{D3CB29FE-E630-4A30-9CE8-D6BDF0BCE90E}.Release|x64.Build.0 = Release|Any CPU
		{D3CB29FE-E630-4A30-9CE8-D6BDF0BCE90E}.Release|x86.ActiveCfg = Release|Any CPU
		{D3CB29FE-E630-4A30-9CE8-D6BDF0BCE90E}.Release|x86.Build.0 = Release|Any CPU
	EndGlobalSection
	GlobalSection(SolutionProperties) = preSolution
		HideSolutionNode = FALSE
	EndGlobalSection
	GlobalSection(NestedProjects) = preSolution
		{78DCDB05-F491-450B-8520-411A4174E614} = {4F52FD11-658E-A102-6CD3-7D7C16FFA15B}
		{7C2B5738-27B7-479B-8C4C-56725C8E38AC} = {4F52FD11-658E-A102-6CD3-7D7C16FFA15B}
		{875CD587-DE2F-08EE-74FB-D6BE4E474EF3} = {0AB3BF05-4346-4AA6-1389-037BE0695223}
		{D3CB29FE-E630-4A30-9CE8-D6BDF0BCE90E} = {875CD587-DE2F-08EE-74FB-D6BE4E474EF3}
	EndGlobalSection
EndGlobal
