
Microsoft Visual Studio Solution File, Format Version 12.00
# Visual Studio Version 17
VisualStudioVersion = 17.0.31903.59
MinimumVisualStudioVersion = 10.0.40219.1
Project("{2150E333-8FDC-42A3-9474-1A3956D46DE8}") = "shared", "shared", "{4F52FD11-658E-A102-6CD3-7D7C16FFA15B}"
EndProject
Project("{FAE04EC0-301F-11D3-BF4B-00C04F79EFBC}") = "PortalDoCorretor.SharedKernel", "shared\PortalDoCorretor.SharedKernel\PortalDoCorretor.SharedKernel.csproj", "{75B81F81-26D1-4A7B-8385-2E2A922994BE}"
EndProject
Project("{FAE04EC0-301F-11D3-BF4B-00C04F79EFBC}") = "PortalDoCorretor.SharedKernel.Tests", "tests\unit\PortalDoCorretor.SharedKernel.Tests\PortalDoCorretor.SharedKernel.Tests.csproj", "{95EFD164-F7C4-4F7D-AEA2-A38F81AE966C}"
EndProject
Project("{FAE04EC0-301F-11D3-BF4B-00C04F79EFBC}") = "PortalDoCorretor.Architecture.Tests", "tests\architecture\PortalDoCorretor.Architecture.Tests\PortalDoCorretor.Architecture.Tests.csproj", "{4E648B96-F903-4E86-949F-66924D13C112}"
EndProject
Project("{2150E333-8FDC-42A3-9474-1A3956D46DE8}") = "modules", "modules", "{CA253913-39DE-BFD0-C9A3-4B7EC6FBDF17}"
EndProject
Project("{2150E333-8FDC-42A3-9474-1A3956D46DE8}") = "customers", "customers", "{3333CD61-D66C-0171-0725-9839E1F728CE}"
EndProject
Project("{FAE04EC0-301F-11D3-BF4B-00C04F79EFBC}") = "PortalDoCorretor.Customers.Domain", "modules\customers\PortalDoCorretor.Customers.Domain\PortalDoCorretor.Customers.Domain.csproj", "{776C9A1E-A3E6-4B87-9DF7-1E77F2E0F51C}"
EndProject
Project("{2150E333-8FDC-42A3-9474-1A3956D46DE8}") = "proposals", "proposals", "{B50C16C4-74FE-DCC2-AD2C-C3EDF2B7E6E7}"
EndProject
Project("{FAE04EC0-301F-11D3-BF4B-00C04F79EFBC}") = "PortalDoCorretor.Proposals.Domain", "modules\proposals\PortalDoCorretor.Proposals.Domain\PortalDoCorretor.Proposals.Domain.csproj", "{87F4F96F-5D1B-41D1-9AF6-194E2B28646A}"
EndProject
Project("{2150E333-8FDC-42A3-9474-1A3956D46DE8}") = "policies", "policies", "{15CABDFA-6757-0C01-F916-BC9DABD4D422}"
EndProject
Project("{FAE04EC0-301F-11D3-BF4B-00C04F79EFBC}") = "PortalDoCorretor.Policies.Domain", "modules\policies\PortalDoCorretor.Policies.Domain\PortalDoCorretor.Policies.Domain.csproj", "{95662BE0-78D8-4FF0-9345-ADD8BC7B433B}"
EndProject
Project("{2150E333-8FDC-42A3-9474-1A3956D46DE8}") = "tests", "tests", "{0AB3BF05-4346-4AA6-1389-037BE0695223}"
EndProject
Project("{2150E333-8FDC-42A3-9474-1A3956D46DE8}") = "unit", "unit", "{9D556B49-86D1-93A7-9596-FFAAB74EC556}"
EndProject
Project("{FAE04EC0-301F-11D3-BF4B-00C04F79EFBC}") = "PortalDoCorretor.Domain.Tests", "tests\unit\PortalDoCorretor.Domain.Tests\PortalDoCorretor.Domain.Tests.csproj", "{0E35ED26-38B1-4E34-B66E-B4A85F7632A4}"
EndProject
Project("{FAE04EC0-301F-11D3-BF4B-00C04F79EFBC}") = "PortalDoCorretor.Persistence", "shared\PortalDoCorretor.Persistence\PortalDoCorretor.Persistence.csproj", "{F30DB725-205A-444E-A8DE-F0B183BC1EBB}"
EndProject
Project("{2150E333-8FDC-42A3-9474-1A3956D46DE8}") = "integration", "integration", "{28A6993C-471E-82FE-7D9E-AD3B1EC22BD9}"
EndProject
Project("{FAE04EC0-301F-11D3-BF4B-00C04F79EFBC}") = "PortalDoCorretor.Integration.Tests", "tests\integration\PortalDoCorretor.Integration.Tests\PortalDoCorretor.Integration.Tests.csproj", "{C0B31B13-4993-47B8-AAEB-920B6D9FCF6F}"
EndProject
Project("{2150E333-8FDC-42A3-9474-1A3956D46DE8}") = "apps", "apps", "{1787FE1D-075E-9E68-7218-25F1BD1BBEAB}"
EndProject
Project("{2150E333-8FDC-42A3-9474-1A3956D46DE8}") = "secure-api", "secure-api", "{0D767106-B54D-E28C-4D34-00DDF1D54AD8}"
EndProject
Project("{FAE04EC0-301F-11D3-BF4B-00C04F79EFBC}") = "PortalDoCorretor.SecureApi", "apps\secure-api\PortalDoCorretor.SecureApi.csproj", "{264C2DD4-AEDF-4631-ACC1-7665F99BDBE2}"
EndProject
Global
	GlobalSection(SolutionConfigurationPlatforms) = preSolution
		Debug|Any CPU = Debug|Any CPU
		Debug|x64 = Debug|x64
		Debug|x86 = Debug|x86
		Release|Any CPU = Release|Any CPU
		Release|x64 = Release|x64
		Release|x86 = Release|x86
	EndGlobalSection
	GlobalSection(ProjectConfigurationPlatforms) = postSolution
		{75B81F81-26D1-4A7B-8385-2E2A922994BE}.Debug|Any CPU.ActiveCfg = Debug|Any CPU
		{75B81F81-26D1-4A7B-8385-2E2A922994BE}.Debug|Any CPU.Build.0 = Debug|Any CPU
		{75B81F81-26D1-4A7B-8385-2E2A922994BE}.Debug|x64.ActiveCfg = Debug|Any CPU
		{75B81F81-26D1-4A7B-8385-2E2A922994BE}.Debug|x64.Build.0 = Debug|Any CPU
		{75B81F81-26D1-4A7B-8385-2E2A922994BE}.Debug|x86.ActiveCfg = Debug|Any CPU
		{75B81F81-26D1-4A7B-8385-2E2A922994BE}.Debug|x86.Build.0 = Debug|Any CPU
		{75B81F81-26D1-4A7B-8385-2E2A922994BE}.Release|Any CPU.ActiveCfg = Release|Any CPU
		{75B81F81-26D1-4A7B-8385-2E2A922994BE}.Release|Any CPU.Build.0 = Release|Any CPU
		{75B81F81-26D1-4A7B-8385-2E2A922994BE}.Release|x64.ActiveCfg = Release|Any CPU
		{75B81F81-26D1-4A7B-8385-2E2A922994BE}.Release|x64.Build.0 = Release|Any CPU
		{75B81F81-26D1-4A7B-8385-2E2A922994BE}.Release|x86.ActiveCfg = Release|Any CPU
		{75B81F81-26D1-4A7B-8385-2E2A922994BE}.Release|x86.Build.0 = Release|Any CPU
		{95EFD164-F7C4-4F7D-AEA2-A38F81AE966C}.Debug|Any CPU.ActiveCfg = Debug|Any CPU
		{95EFD164-F7C4-4F7D-AEA2-A38F81AE966C}.Debug|Any CPU.Build.0 = Debug|Any CPU
		{95EFD164-F7C4-4F7D-AEA2-A38F81AE966C}.Debug|x64.ActiveCfg = Debug|Any CPU
		{95EFD164-F7C4-4F7D-AEA2-A38F81AE966C}.Debug|x64.Build.0 = Debug|Any CPU
		{95EFD164-F7C4-4F7D-AEA2-A38F81AE966C}.Debug|x86.ActiveCfg = Debug|Any CPU
		{95EFD164-F7C4-4F7D-AEA2-A38F81AE966C}.Debug|x86.Build.0 = Debug|Any CPU
		{95EFD164-F7C4-4F7D-AEA2-A38F81AE966C}.Release|Any CPU.ActiveCfg = Release|Any CPU
		{95EFD164-F7C4-4F7D-AEA2-A38F81AE966C}.Release|Any CPU.Build.0 = Release|Any CPU
		{95EFD164-F7C4-4F7D-AEA2-A38F81AE966C}.Release|x64.ActiveCfg = Release|Any CPU
		{95EFD164-F7C4-4F7D-AEA2-A38F81AE966C}.Release|x64.Build.0 = Release|Any CPU
		{95EFD164-F7C4-4F7D-AEA2-A38F81AE966C}.Release|x86.ActiveCfg = Release|Any CPU
		{95EFD164-F7C4-4F7D-AEA2-A38F81AE966C}.Release|x86.Build.0 = Release|Any CPU
		{4E648B96-F903-4E86-949F-66924D13C112}.Debug|Any CPU.ActiveCfg = Debug|Any CPU
		{4E648B96-F903-4E86-949F-66924D13C112}.Debug|Any CPU.Build.0 = Debug|Any CPU
		{4E648B96-F903-4E86-949F-66924D13C112}.Debug|x64.ActiveCfg = Debug|Any CPU
		{4E648B96-F903-4E86-949F-66924D13C112}.Debug|x64.Build.0 = Debug|Any CPU
		{4E648B96-F903-4E86-949F-66924D13C112}.Debug|x86.ActiveCfg = Debug|Any CPU
		{4E648B96-F903-4E86-949F-66924D13C112}.Debug|x86.Build.0 = Debug|Any CPU
		{4E648B96-F903-4E86-949F-66924D13C112}.Release|Any CPU.ActiveCfg = Release|Any CPU
		{4E648B96-F903-4E86-949F-66924D13C112}.Release|Any CPU.Build.0 = Release|Any CPU
		{4E648B96-F903-4E86-949F-66924D13C112}.Release|x64.ActiveCfg = Release|Any CPU
		{4E648B96-F903-4E86-949F-66924D13C112}.Release|x64.Build.0 = Release|Any CPU
		{4E648B96-F903-4E86-949F-66924D13C112}.Release|x86.ActiveCfg = Release|Any CPU
		{4E648B96-F903-4E86-949F-66924D13C112}.Release|x86.Build.0 = Release|Any CPU
		{776C9A1E-A3E6-4B87-9DF7-1E77F2E0F51C}.Debug|Any CPU.ActiveCfg = Debug|Any CPU
		{776C9A1E-A3E6-4B87-9DF7-1E77F2E0F51C}.Debug|Any CPU.Build.0 = Debug|Any CPU
		{776C9A1E-A3E6-4B87-9DF7-1E77F2E0F51C}.Debug|x64.ActiveCfg = Debug|Any CPU
		{776C9A1E-A3E6-4B87-9DF7-1E77F2E0F51C}.Debug|x64.Build.0 = Debug|Any CPU
		{776C9A1E-A3E6-4B87-9DF7-1E77F2E0F51C}.Debug|x86.ActiveCfg = Debug|Any CPU
		{776C9A1E-A3E6-4B87-9DF7-1E77F2E0F51C}.Debug|x86.Build.0 = Debug|Any CPU
		{776C9A1E-A3E6-4B87-9DF7-1E77F2E0F51C}.Release|Any CPU.ActiveCfg = Release|Any CPU
		{776C9A1E-A3E6-4B87-9DF7-1E77F2E0F51C}.Release|Any CPU.Build.0 = Release|Any CPU
		{776C9A1E-A3E6-4B87-9DF7-1E77F2E0F51C}.Release|x64.ActiveCfg = Release|Any CPU
		{776C9A1E-A3E6-4B87-9DF7-1E77F2E0F51C}.Release|x64.Build.0 = Release|Any CPU
		{776C9A1E-A3E6-4B87-9DF7-1E77F2E0F51C}.Release|x86.ActiveCfg = Release|Any CPU
		{776C9A1E-A3E6-4B87-9DF7-1E77F2E0F51C}.Release|x86.Build.0 = Release|Any CPU
		{87F4F96F-5D1B-41D1-9AF6-194E2B28646A}.Debug|Any CPU.ActiveCfg = Debug|Any CPU
		{87F4F96F-5D1B-41D1-9AF6-194E2B28646A}.Debug|Any CPU.Build.0 = Debug|Any CPU
		{87F4F96F-5D1B-41D1-9AF6-194E2B28646A}.Debug|x64.ActiveCfg = Debug|Any CPU
		{87F4F96F-5D1B-41D1-9AF6-194E2B28646A}.Debug|x64.Build.0 = Debug|Any CPU
		{87F4F96F-5D1B-41D1-9AF6-194E2B28646A}.Debug|x86.ActiveCfg = Debug|Any CPU
		{87F4F96F-5D1B-41D1-9AF6-194E2B28646A}.Debug|x86.Build.0 = Debug|Any CPU
		{87F4F96F-5D1B-41D1-9AF6-194E2B28646A}.Release|Any CPU.ActiveCfg = Release|Any CPU
		{87F4F96F-5D1B-41D1-9AF6-194E2B28646A}.Release|Any CPU.Build.0 = Release|Any CPU
		{87F4F96F-5D1B-41D1-9AF6-194E2B28646A}.Release|x64.ActiveCfg = Release|Any CPU
		{87F4F96F-5D1B-41D1-9AF6-194E2B28646A}.Release|x64.Build.0 = Release|Any CPU
		{87F4F96F-5D1B-41D1-9AF6-194E2B28646A}.Release|x86.ActiveCfg = Release|Any CPU
		{87F4F96F-5D1B-41D1-9AF6-194E2B28646A}.Release|x86.Build.0 = Release|Any CPU
		{95662BE0-78D8-4FF0-9345-ADD8BC7B433B}.Debug|Any CPU.ActiveCfg = Debug|Any CPU
		{95662BE0-78D8-4FF0-9345-ADD8BC7B433B}.Debug|Any CPU.Build.0 = Debug|Any CPU
		{95662BE0-78D8-4FF0-9345-ADD8BC7B433B}.Debug|x64.ActiveCfg = Debug|Any CPU
		{95662BE0-78D8-4FF0-9345-ADD8BC7B433B}.Debug|x64.Build.0 = Debug|Any CPU
		{95662BE0-78D8-4FF0-9345-ADD8BC7B433B}.Debug|x86.ActiveCfg = Debug|Any CPU
		{95662BE0-78D8-4FF0-9345-ADD8BC7B433B}.Debug|x86.Build.0 = Debug|Any CPU
		{95662BE0-78D8-4FF0-9345-ADD8BC7B433B}.Release|Any CPU.ActiveCfg = Release|Any CPU
		{95662BE0-78D8-4FF0-9345-ADD8BC7B433B}.Release|Any CPU.Build.0 = Release|Any CPU
		{95662BE0-78D8-4FF0-9345-ADD8BC7B433B}.Release|x64.ActiveCfg = Release|Any CPU
		{95662BE0-78D8-4FF0-9345-ADD8BC7B433B}.Release|x64.Build.0 = Release|Any CPU
		{95662BE0-78D8-4FF0-9345-ADD8BC7B433B}.Release|x86.ActiveCfg = Release|Any CPU
		{95662BE0-78D8-4FF0-9345-ADD8BC7B433B}.Release|x86.Build.0 = Release|Any CPU
		{0E35ED26-38B1-4E34-B66E-B4A85F7632A4}.Debug|Any CPU.ActiveCfg = Debug|Any CPU
		{0E35ED26-38B1-4E34-B66E-B4A85F7632A4}.Debug|Any CPU.Build.0 = Debug|Any CPU
		{0E35ED26-38B1-4E34-B66E-B4A85F7632A4}.Debug|x64.ActiveCfg = Debug|Any CPU
		{0E35ED26-38B1-4E34-B66E-B4A85F7632A4}.Debug|x64.Build.0 = Debug|Any CPU
		{0E35ED26-38B1-4E34-B66E-B4A85F7632A4}.Debug|x86.ActiveCfg = Debug|Any CPU
		{0E35ED26-38B1-4E34-B66E-B4A85F7632A4}.Debug|x86.Build.0 = Debug|Any CPU
		{0E35ED26-38B1-4E34-B66E-B4A85F7632A4}.Release|Any CPU.ActiveCfg = Release|Any CPU
		{0E35ED26-38B1-4E34-B66E-B4A85F7632A4}.Release|Any CPU.Build.0 = Release|Any CPU
		{0E35ED26-38B1-4E34-B66E-B4A85F7632A4}.Release|x64.ActiveCfg = Release|Any CPU
		{0E35ED26-38B1-4E34-B66E-B4A85F7632A4}.Release|x64.Build.0 = Release|Any CPU
		{0E35ED26-38B1-4E34-B66E-B4A85F7632A4}.Release|x86.ActiveCfg = Release|Any CPU
		{0E35ED26-38B1-4E34-B66E-B4A85F7632A4}.Release|x86.Build.0 = Release|Any CPU
		{F30DB725-205A-444E-A8DE-F0B183BC1EBB}.Debug|Any CPU.ActiveCfg = Debug|Any CPU
		{F30DB725-205A-444E-A8DE-F0B183BC1EBB}.Debug|Any CPU.Build.0 = Debug|Any CPU
		{F30DB725-205A-444E-A8DE-F0B183BC1EBB}.Debug|x64.ActiveCfg = Debug|Any CPU
		{F30DB725-205A-444E-A8DE-F0B183BC1EBB}.Debug|x64.Build.0 = Debug|Any CPU
		{F30DB725-205A-444E-A8DE-F0B183BC1EBB}.Debug|x86.ActiveCfg = Debug|Any CPU
		{F30DB725-205A-444E-A8DE-F0B183BC1EBB}.Debug|x86.Build.0 = Debug|Any CPU
		{F30DB725-205A-444E-A8DE-F0B183BC1EBB}.Release|Any CPU.ActiveCfg = Release|Any CPU
		{F30DB725-205A-444E-A8DE-F0B183BC1EBB}.Release|Any CPU.Build.0 = Release|Any CPU
		{F30DB725-205A-444E-A8DE-F0B183BC1EBB}.Release|x64.ActiveCfg = Release|Any CPU
		{F30DB725-205A-444E-A8DE-F0B183BC1EBB}.Release|x64.Build.0 = Release|Any CPU
		{F30DB725-205A-444E-A8DE-F0B183BC1EBB}.Release|x86.ActiveCfg = Release|Any CPU
		{F30DB725-205A-444E-A8DE-F0B183BC1EBB}.Release|x86.Build.0 = Release|Any CPU
		{C0B31B13-4993-47B8-AAEB-920B6D9FCF6F}.Debug|Any CPU.ActiveCfg = Debug|Any CPU
		{C0B31B13-4993-47B8-AAEB-920B6D9FCF6F}.Debug|Any CPU.Build.0 = Debug|Any CPU
		{C0B31B13-4993-47B8-AAEB-920B6D9FCF6F}.Debug|x64.ActiveCfg = Debug|Any CPU
		{C0B31B13-4993-47B8-AAEB-920B6D9FCF6F}.Debug|x64.Build.0 = Debug|Any CPU
		{C0B31B13-4993-47B8-AAEB-920B6D9FCF6F}.Debug|x86.ActiveCfg = Debug|Any CPU
		{C0B31B13-4993-47B8-AAEB-920B6D9FCF6F}.Debug|x86.Build.0 = Debug|Any CPU
		{C0B31B13-4993-47B8-AAEB-920B6D9FCF6F}.Release|Any CPU.ActiveCfg = Release|Any CPU
		{C0B31B13-4993-47B8-AAEB-920B6D9FCF6F}.Release|Any CPU.Build.0 = Release|Any CPU
		{C0B31B13-4993-47B8-AAEB-920B6D9FCF6F}.Release|x64.ActiveCfg = Release|Any CPU
		{C0B31B13-4993-47B8-AAEB-920B6D9FCF6F}.Release|x64.Build.0 = Release|Any CPU
		{C0B31B13-4993-47B8-AAEB-920B6D9FCF6F}.Release|x86.ActiveCfg = Release|Any CPU
		{C0B31B13-4993-47B8-AAEB-920B6D9FCF6F}.Release|x86.Build.0 = Release|Any CPU
		{264C2DD4-AEDF-4631-ACC1-7665F99BDBE2}.Debug|Any CPU.ActiveCfg = Debug|Any CPU
		{264C2DD4-AEDF-4631-ACC1-7665F99BDBE2}.Debug|Any CPU.Build.0 = Debug|Any CPU
		{264C2DD4-AEDF-4631-ACC1-7665F99BDBE2}.Debug|x64.ActiveCfg = Debug|Any CPU
		{264C2DD4-AEDF-4631-ACC1-7665F99BDBE2}.Debug|x64.Build.0 = Debug|Any CPU
		{264C2DD4-AEDF-4631-ACC1-7665F99BDBE2}.Debug|x86.ActiveCfg = Debug|Any CPU
		{264C2DD4-AEDF-4631-ACC1-7665F99BDBE2}.Debug|x86.Build.0 = Debug|Any CPU
		{264C2DD4-AEDF-4631-ACC1-7665F99BDBE2}.Release|Any CPU.ActiveCfg = Release|Any CPU
		{264C2DD4-AEDF-4631-ACC1-7665F99BDBE2}.Release|Any CPU.Build.0 = Release|Any CPU
		{264C2DD4-AEDF-4631-ACC1-7665F99BDBE2}.Release|x64.ActiveCfg = Release|Any CPU
		{264C2DD4-AEDF-4631-ACC1-7665F99BDBE2}.Release|x64.Build.0 = Release|Any CPU
		{264C2DD4-AEDF-4631-ACC1-7665F99BDBE2}.Release|x86.ActiveCfg = Release|Any CPU
		{264C2DD4-AEDF-4631-ACC1-7665F99BDBE2}.Release|x86.Build.0 = Release|Any CPU
	EndGlobalSection
	GlobalSection(SolutionProperties) = preSolution
		HideSolutionNode = FALSE
	EndGlobalSection
	GlobalSection(NestedProjects) = preSolution
		{75B81F81-26D1-4A7B-8385-2E2A922994BE} = {4F52FD11-658E-A102-6CD3-7D7C16FFA15B}
		{95EFD164-F7C4-4F7D-AEA2-A38F81AE966C} = {4F52FD11-658E-A102-6CD3-7D7C16FFA15B}
		{4E648B96-F903-4E86-949F-66924D13C112} = {4F52FD11-658E-A102-6CD3-7D7C16FFA15B}
		{3333CD61-D66C-0171-0725-9839E1F728CE} = {CA253913-39DE-BFD0-C9A3-4B7EC6FBDF17}
		{776C9A1E-A3E6-4B87-9DF7-1E77F2E0F51C} = {3333CD61-D66C-0171-0725-9839E1F728CE}
		{B50C16C4-74FE-DCC2-AD2C-C3EDF2B7E6E7} = {CA253913-39DE-BFD0-C9A3-4B7EC6FBDF17}
		{87F4F96F-5D1B-41D1-9AF6-194E2B28646A} = {B50C16C4-74FE-DCC2-AD2C-C3EDF2B7E6E7}
		{15CABDFA-6757-0C01-F916-BC9DABD4D422} = {CA253913-39DE-BFD0-C9A3-4B7EC6FBDF17}
		{95662BE0-78D8-4FF0-9345-ADD8BC7B433B} = {15CABDFA-6757-0C01-F916-BC9DABD4D422}
		{9D556B49-86D1-93A7-9596-FFAAB74EC556} = {0AB3BF05-4346-4AA6-1389-037BE0695223}
		{0E35ED26-38B1-4E34-B66E-B4A85F7632A4} = {9D556B49-86D1-93A7-9596-FFAAB74EC556}
		{F30DB725-205A-444E-A8DE-F0B183BC1EBB} = {4F52FD11-658E-A102-6CD3-7D7C16FFA15B}
		{28A6993C-471E-82FE-7D9E-AD3B1EC22BD9} = {0AB3BF05-4346-4AA6-1389-037BE0695223}
		{C0B31B13-4993-47B8-AAEB-920B6D9FCF6F} = {28A6993C-471E-82FE-7D9E-AD3B1EC22BD9}
		{0D767106-B54D-E28C-4D34-00DDF1D54AD8} = {1787FE1D-075E-9E68-7218-25F1BD1BBEAB}
		{264C2DD4-AEDF-4631-ACC1-7665F99BDBE2} = {0D767106-B54D-E28C-4D34-00DDF1D54AD8}
	EndGlobalSection
EndGlobal
